schema: '2.0'
stages:
  data_cleaning:
    cmd: python src/data/data_cleaning.py
    deps:
    - path: data/raw/swiggy.csv
      hash: md5
      md5: 0b050b37dfe6cfbfaa18d7cb4e454377
      size: 7772212
    - path: src/data/data_cleaning.py
      hash: md5
      md5: 04e4c2aaef91b284590f6b07fd2a5a71
      size: 9263
    outs:
    - path: data/cleaned/swiggy_cleaned.csv
      hash: md5
      md5: 355332e2d9978b88f83b0a50fe6aedb5
      size: 4463056
  data_preparation:
    cmd: python src/data/data_preparation.py
    deps:
    - path: data/cleaned/swiggy_cleaned.csv
      hash: md5
      md5: 355332e2d9978b88f83b0a50fe6aedb5
      size: 4463056
    - path: src/data/data_preparation.py
      hash: md5
      md5: 140bbc3cf2bf08d663555b7fa4f6a482
      size: 2915
    params:
      params.yaml:
        Data_Preparation.random_state: 42
        Data_Preparation.test_size: 0.25
    outs:
    - path: data/interim/test.csv
      hash: md5
      md5: d274380e9219e95fb3ff7d0443cbb501
      size: 1115434
    - path: data/interim/train.csv
      hash: md5
      md5: abee4e611d2b23c64d5215a08a1e53fa
      size: 3345812
  data_preprocessing:
    cmd: python src/features/data_preprocessing.py
    deps:
    - path: data/interim/test.csv
      hash: md5
      md5: d274380e9219e95fb3ff7d0443cbb501
      size: 1115434
    - path: data/interim/train.csv
      hash: md5
      md5: abee4e611d2b23c64d5215a08a1e53fa
      size: 3345812
    - path: src/features/data_preprocessing.py
      hash: md5
      md5: 9a31ddea1506cdcec7087fd4f556bbdd
      size: 6741
    outs:
    - path: data/processed/test_trans.csv
      hash: md5
      md5: 61b89d4a0b06ead6ef8f1979275218cb
      size: 1348806
    - path: data/processed/train_trans.csv
      hash: md5
      md5: ab4c72503e271ceb15e86db043f93312
      size: 4032203
    - path: models/preprocessor.joblib
      hash: md5
      md5: a69ea345ba33a203a27903fd0a2873fb
      size: 8189
  train:
    cmd: python src/models/train.py
    deps:
    - path: data/processed/train_trans.csv
      hash: md5
      md5: ab4c72503e271ceb15e86db043f93312
      size: 4032203
    - path: src/models/train.py
      hash: md5
      md5: dfc13bc04bbfdda3ceca398400c7b62f
      size: 4752
    params:
      params.yaml:
        Train.LightGBM:
          n_estimators: 154
          max_depth: 27
          learning_rate: 0.22234435854395157
          subsample: 0.7592213724048168
          min_child_weight: 20
          min_split_gain: 0.004604680609280751
          reg_lambda: 97.81002379097947
          n_jobs: -1
        Train.Random_Forest:
          n_estimators: 479
          criterion: squared_error
          max_depth: 17
          max_features: 1
          min_samples_split: 9
          min_samples_leaf: 2
          max_samples: 0.6603673526197066
          verbose: 1
          n_jobs: -1
    outs:
    - path: models/model.joblib
      hash: md5
      md5: a2203af71761e38546631e561c6ae6dd
      size: 148600168
    - path: models/power_transformer.joblib
      hash: md5
      md5: e7ec44d4a73095ab4142454a9cf27afc
      size: 837
    - path: models/stacking_regressor.joblib
      hash: md5
      md5: 969ac6dc49b6b385ab6b7b1c8afa9e0d
      size: 148588634
